
Microsoft Visual Studio Solution File, Format Version 12.00
# Visual Studio Version 16
VisualStudioVersion = 16.0.30406.217
MinimumVisualStudioVersion = 10.0.40219.1
Project("{FAE04EC0-301F-11D3-BF4B-00C04F79EFBC}") = "VCardSite", "VCardSite\VCardSite.csproj", "{612F422C-76FF-4C04-9762-BC2F2266029E}"
EndProject
Global
	GlobalSection(SolutionConfigurationPlatforms) = preSolution
		Debug|Any CPU = Debug|Any CPU
		Release|Any CPU = Release|Any CPU
	EndGlobalSection
	GlobalSection(ProjectConfigurationPlatforms) = postSolution
		{612F422C-76FF-4C04-9762-BC2F2266029E}.Debug|Any CPU.ActiveCfg = Debug|Any CPU
		{612F422C-76FF-4C04-9762-BC2F2266029E}.Debug|Any CPU.Build.0 = Debug|Any CPU
		{612F422C-76FF-4C04-9762-BC2F2266029E}.Release|Any CPU.ActiveCfg = Release|Any CPU
		{612F422C-76FF-4C04-9762-BC2F2266029E}.Release|Any CPU.Build.0 = Release|Any CPU
	EndGlobalSection
	GlobalSection(SolutionProperties) = preSolution
		HideSolutionNode = FALSE
	EndGlobalSection
	GlobalSection(ExtensibilityGlobals) = postSolution
		SolutionGuid = {185F0D10-1076-4554-80E6-D950A01B1AAC}
	EndGlobalSection
EndGlobal
